// !$*UTF8*$!
{
	archiveVersion = 1;
	classes = {
	};
	objectVersion = 46;
	objects = {

/* Begin PBXBuildFile section */
		8CADC96F1A3A01FE006B7EBB /* AppDelegate.swift in Sources */ = {isa = PBXBuildFile; fileRef = 8CADC96E1A3A01FE006B7EBB /* AppDelegate.swift */; };
		8CADC9711A3A01FE006B7EBB /* ViewController.swift in Sources */ = {isa = PBXBuildFile; fileRef = 8CADC9701A3A01FE006B7EBB /* ViewController.swift */; };
		8CADC9741A3A01FE006B7EBB /* Main.storyboard in Resources */ = {isa = PBXBuildFile; fileRef = 8CADC9721A3A01FE006B7EBB /* Main.storyboard */; };
		8CADC9761A3A01FE006B7EBB /* Images.xcassets in Resources */ = {isa = PBXBuildFile; fileRef = 8CADC9751A3A01FE006B7EBB /* Images.xcassets */; };
		8CADC9791A3A01FE006B7EBB /* LaunchScreen.xib in Resources */ = {isa = PBXBuildFile; fileRef = 8CADC9771A3A01FE006B7EBB /* LaunchScreen.xib */; };
		8CADC9851A3A01FE006B7EBB /* RecorderTests.swift in Sources */ = {isa = PBXBuildFile; fileRef = 8CADC9841A3A01FE006B7EBB /* RecorderTests.swift */; };
		8CADC9971A3A0E98006B7EBB /* movie.mp3 in Resources */ = {isa = PBXBuildFile; fileRef = 8CADC9961A3A0E98006B7EBB /* movie.mp3 */; };
		8CADC9991A3A1546006B7EBB /* PlaySoundController.swift in Sources */ = {isa = PBXBuildFile; fileRef = 8CADC9981A3A1546006B7EBB /* PlaySoundController.swift */; };
		8CADC99B1A3A1DAE006B7EBB /* RecordedAudio.swift in Sources */ = {isa = PBXBuildFile; fileRef = 8CADC99A1A3A1DAE006B7EBB /* RecordedAudio.swift */; };
/* End PBXBuildFile section */

/* Begin PBXContainerItemProxy section */
		8CADC97F1A3A01FE006B7EBB /* PBXContainerItemProxy */ = {
			isa = PBXContainerItemProxy;
			containerPortal = 8CADC9611A3A01FE006B7EBB /* Project object */;
			proxyType = 1;
			remoteGlobalIDString = 8CADC9681A3A01FE006B7EBB;
			remoteInfo = Recorder;
		};
/* End PBXContainerItemProxy section */

/* Begin PBXFileReference section */
		8CADC9691A3A01FE006B7EBB /* Recorder.app */ = {isa = PBXFileReference; explicitFileType = wrapper.application; includeInIndex = 0; path = Recorder.app; sourceTree = BUILT_PRODUCTS_DIR; };
		8CADC96D1A3A01FE006B7EBB /* Info.plist */ = {isa = PBXFileReference; lastKnownFileType = text.plist.xml; path = Info.plist; sourceTree = "<group>"; };
		8CADC96E1A3A01FE006B7EBB /* AppDelegate.swift */ = {isa = PBXFileReference; lastKnownFileType = sourcecode.swift; path = AppDelegate.swift; sourceTree = "<group>"; };
		8CADC9701A3A01FE006B7EBB /* ViewController.swift */ = {isa = PBXFileReference; lastKnownFileType = sourcecode.swift; path = ViewController.swift; sourceTree = "<group>"; };
		8CADC9731A3A01FE006B7EBB /* Base */ = {isa = PBXFileReference; lastKnownFileType = file.storyboard; name = Base; path = Base.lproj/Main.storyboard; sourceTree = "<group>"; };
		8CADC9751A3A01FE006B7EBB /* Images.xcassets */ = {isa = PBXFileReference; lastKnownFileType = folder.assetcatalog; path = Images.xcassets; sourceTree = "<group>"; };
		8CADC9781A3A01FE006B7EBB /* Base */ = {isa = PBXFileReference; lastKnownFileType = file.xib; name = Base; path = Base.lproj/LaunchScreen.xib; sourceTree = "<group>"; };
		8CADC97E1A3A01FE006B7EBB /* RecorderTests.xctest */ = {isa = PBXFileReference; explicitFileType = wrapper.cfbundle; includeInIndex = 0; path = RecorderTests.xctest; sourceTree = BUILT_PRODUCTS_DIR; };
		8CADC9831A3A01FE006B7EBB /* Info.plist */ = {isa = PBXFileReference; lastKnownFileType = text.plist.xml; path = Info.plist; sourceTree = "<group>"; };
		8CADC9841A3A01FE006B7EBB /* RecorderTests.swift */ = {isa = PBXFileReference; lastKnownFileType = sourcecode.swift; path = RecorderTests.swift; sourceTree = "<group>"; };
		8CADC9961A3A0E98006B7EBB /* movie.mp3 */ = {isa = PBXFileReference; lastKnownFileType = audio.mp3; name = movie.mp3; path = ../../movie.mp3; sourceTree = "<group>"; };
		8CADC9981A3A1546006B7EBB /* PlaySoundController.swift */ = {isa = PBXFileReference; fileEncoding = 4; lastKnownFileType = sourcecode.swift; path = PlaySoundController.swift; sourceTree = "<group>"; };
		8CADC99A1A3A1DAE006B7EBB /* RecordedAudio.swift */ = {isa = PBXFileReference; fileEncoding = 4; lastKnownFileType = sourcecode.swift; path = RecordedAudio.swift; sourceTree = "<group>"; };
/* End PBXFileReference section */

/* Begin PBXFrameworksBuildPhase section */
		8CADC9661A3A01FE006B7EBB /* Frameworks */ = {
			isa = PBXFrameworksBuildPhase;
			buildActionMask = 2147483647;
			files = (
			);
			runOnlyForDeploymentPostprocessing = 0;
		};
		8CADC97B1A3A01FE006B7EBB /* Frameworks */ = {
			isa = PBXFrameworksBuildPhase;
			buildActionMask = 2147483647;
			files = (
			);
			runOnlyForDeploymentPostprocessing = 0;
		};
/* End PBXFrameworksBuildPhase section */

/* Begin PBXGroup section */
		8CADC9601A3A01FE006B7EBB = {
			isa = PBXGroup;
			children = (
				8CADC96B1A3A01FE006B7EBB /* Recorder */,
				8CADC9811A3A01FE006B7EBB /* RecorderTests */,
				8CADC96A1A3A01FE006B7EBB /* Products */,
			);
			sourceTree = "<group>";
		};
		8CADC96A1A3A01FE006B7EBB /* Products */ = {
			isa = PBXGroup;
			children = (
				8CADC9691A3A01FE006B7EBB /* Recorder.app */,
				8CADC97E1A3A01FE006B7EBB /* RecorderTests.xctest */,
			);
			name = Products;
			sourceTree = "<group>";
		};
		8CADC96B1A3A01FE006B7EBB /* Recorder */ = {
			isa = PBXGroup;
			children = (
				8CADC96E1A3A01FE006B7EBB /* AppDelegate.swift */,
				8CADC9701A3A01FE006B7EBB /* ViewController.swift */,
				8CADC99A1A3A1DAE006B7EBB /* RecordedAudio.swift */,
				8CADC9721A3A01FE006B7EBB /* Main.storyboard */,
				8CADC9961A3A0E98006B7EBB /* movie.mp3 */,
				8CADC9751A3A01FE006B7EBB /* Images.xcassets */,
				8CADC9771A3A01FE006B7EBB /* LaunchScreen.xib */,
				8CADC9981A3A1546006B7EBB /* PlaySoundController.swift */,
				8CADC96C1A3A01FE006B7EBB /* Supporting Files */,
			);
			path = Recorder;
			sourceTree = "<group>";
		};
		8CADC96C1A3A01FE006B7EBB /* Supporting Files */ = {
			isa = PBXGroup;
			children = (
				8CADC96D1A3A01FE006B7EBB /* Info.plist */,
			);
			name = "Supporting Files";
			sourceTree = "<group>";
		};
		8CADC9811A3A01FE006B7EBB /* RecorderTests */ = {
			isa = PBXGroup;
			children = (
				8CADC9841A3A01FE006B7EBB /* RecorderTests.swift */,
				8CADC9821A3A01FE006B7EBB /* Supporting Files */,
			);
			path = RecorderTests;
			sourceTree = "<group>";
		};
		8CADC9821A3A01FE006B7EBB /* Supporting Files */ = {
			isa = PBXGroup;
			children = (
				8CADC9831A3A01FE006B7EBB /* Info.plist */,
			);
			name = "Supporting Files";
			sourceTree = "<group>";
		};
/* End PBXGroup section */

/* Begin PBXNativeTarget section */
		8CADC9681A3A01FE006B7EBB /* Recorder */ = {
			isa = PBXNativeTarget;
			buildConfigurationList = 8CADC9881A3A01FE006B7EBB /* Build configuration list for PBXNativeTarget "Recorder" */;
			buildPhases = (
				8CADC9651A3A01FE006B7EBB /* Sources */,
				8CADC9661A3A01FE006B7EBB /* Frameworks */,
				8CADC9671A3A01FE006B7EBB /* Resources */,
			);
			buildRules = (
			);
			dependencies = (
			);
			name = Recorder;
			productName = Recorder;
			productReference = 8CADC9691A3A01FE006B7EBB /* Recorder.app */;
			productType = "com.apple.product-type.application";
		};
		8CADC97D1A3A01FE006B7EBB /* RecorderTests */ = {
			isa = PBXNativeTarget;
			buildConfigurationList = 8CADC98B1A3A01FE006B7EBB /* Build configuration list for PBXNativeTarget "RecorderTests" */;
			buildPhases = (
				8CADC97A1A3A01FE006B7EBB /* Sources */,
				8CADC97B1A3A01FE006B7EBB /* Frameworks */,
				8CADC97C1A3A01FE006B7EBB /* Resources */,
			);
			buildRules = (
			);
			dependencies = (
				8CADC9801A3A01FE006B7EBB /* PBXTargetDependency */,
			);
			name = RecorderTests;
			productName = RecorderTests;
			productReference = 8CADC97E1A3A01FE006B7EBB /* RecorderTests.xctest */;
			productType = "com.apple.product-type.bundle.unit-test";
		};
/* End PBXNativeTarget section */

/* Begin PBXProject section */
		8CADC9611A3A01FE006B7EBB /* Project object */ = {
			isa = PBXProject;
			attributes = {
				LastUpgradeCheck = 0610;
				ORGANIZATIONNAME = "Changsong Li";
				TargetAttributes = {
					8CADC9681A3A01FE006B7EBB = {
						CreatedOnToolsVersion = 6.1.1;
					};
					8CADC97D1A3A01FE006B7EBB = {
						CreatedOnToolsVersion = 6.1.1;
						TestTargetID = 8CADC9681A3A01FE006B7EBB;
					};
				};
			};
			buildConfigurationList = 8CADC9641A3A01FE006B7EBB /* Build configuration list for PBXProject "Recorder" */;
			compatibilityVersion = "Xcode 3.2";
			developmentRegion = English;
			hasScannedForEncodings = 0;
			knownRegions = (
				en,
				Base,
			);
			mainGroup = 8CADC9601A3A01FE006B7EBB;
			productRefGroup = 8CADC96A1A3A01FE006B7EBB /* Products */;
			projectDirPath = "";
			projectRoot = "";
			targets = (
				8CADC9681A3A01FE006B7EBB /* Recorder */,
				8CADC97D1A3A01FE006B7EBB /* RecorderTests */,
			);
		};
/* End PBXProject section */

/* Begin PBXResourcesBuildPhase section */
		8CADC9671A3A01FE006B7EBB /* Resources */ = {
			isa = PBXResourcesBuildPhase;
			buildActionMask = 2147483647;
			files = (
				8CADC9741A3A01FE006B7EBB /* Main.storyboard in Resources */,
				8CADC9791A3A01FE006B7EBB /* LaunchScreen.xib in Resources */,
				8CADC9761A3A01FE006B7EBB /* Images.xcassets in Resources */,
				8CADC9971A3A0E98006B7EBB /* movie.mp3 in Resources */,
			);
			runOnlyForDeploymentPostprocessing = 0;
		};
		8CADC97C1A3A01FE006B7EBB /* Resources */ = {
			isa = PBXResourcesBuildPhase;
			buildActionMask = 2147483647;
			files = (
			);
			runOnlyForDeploymentPostprocessing = 0;
		};
/* End PBXResourcesBuildPhase section */

/* Begin PBXSourcesBuildPhase section */
		8CADC9651A3A01FE006B7EBB /* Sources */ = {
			isa = PBXSourcesBuildPhase;
			buildActionMask = 2147483647;
			files = (
				8CADC99B1A3A1DAE006B7EBB /* RecordedAudio.swift in Sources */,
				8CADC9711A3A01FE006B7EBB /* ViewController.swift in Sources */,
				8CADC96F1A3A01FE006B7EBB /* AppDelegate.swift in Sources */,
				8CADC9991A3A1546006B7EBB /* PlaySoundController.swift in Sources */,
			);
			runOnlyForDeploymentPostprocessing = 0;
		};
		8CADC97A1A3A01FE006B7EBB /* Sources */ = {
			isa = PBXSourcesBuildPhase;
			buildActionMask = 2147483647;
			files = (
				8CADC9851A3A01FE006B7EBB /* RecorderTests.swift in Sources */,
			);
			runOnlyForDeploymentPostprocessing = 0;
		};
/* End PBXSourcesBuildPhase section */

/* Begin PBXTargetDependency section */
		8CADC9801A3A01FE006B7EBB /* PBXTargetDependency */ = {
			isa = PBXTargetDependency;
			target = 8CADC9681A3A01FE006B7EBB /* Recorder */;
			targetProxy = 8CADC97F1A3A01FE006B7EBB /* PBXContainerItemProxy */;
		};
/* End PBXTargetDependency section */

/* Begin PBXVariantGroup section */
		8CADC9721A3A01FE006B7EBB /* Main.storyboard */ = {
			isa = PBXVariantGroup;
			children = (
				8CADC9731A3A01FE006B7EBB /* Base */,
			);
			name = Main.storyboard;
			sourceTree = "<group>";
		};
		8CADC9771A3A01FE006B7EBB /* LaunchScreen.xib */ = {
			isa = PBXVariantGroup;
			children = (
				8CADC9781A3A01FE006B7EBB /* Base */,
			);
			name = LaunchScreen.xib;
			sourceTree = "<group>";
		};
/* End PBXVariantGroup section */

/* Begin XCBuildConfiguration section */
		8CADC9861A3A01FE006B7EBB /* Debug */ = {
			isa = XCBuildConfiguration;
			buildSettings = {
				ALWAYS_SEARCH_USER_PATHS = NO;
				CLANG_CXX_LANGUAGE_STANDARD = "gnu++0x";
				CLANG_CXX_LIBRARY = "libc++";
				CLANG_ENABLE_MODULES = YES;
				CLANG_ENABLE_OBJC_ARC = YES;
				CLANG_WARN_BOOL_CONVERSION = YES;
				CLANG_WARN_CONSTANT_CONVERSION = YES;
				CLANG_WARN_DIRECT_OBJC_ISA_USAGE = YES_ERROR;
				CLANG_WARN_EMPTY_BODY = YES;
				CLANG_WARN_ENUM_CONVERSION = YES;
				CLANG_WARN_INT_CONVERSION = YES;
				CLANG_WARN_OBJC_ROOT_CLASS = YES_ERROR;
				CLANG_WARN_UNREACHABLE_CODE = YES;
				CLANG_WARN__DUPLICATE_METHOD_MATCH = YES;
				"CODE_SIGN_IDENTITY[sdk=iphoneos*]" = "iPhone Developer";
				COPY_PHASE_STRIP = NO;
				ENABLE_STRICT_OBJC_MSGSEND = YES;
				GCC_C_LANGUAGE_STANDARD = gnu99;
				GCC_DYNAMIC_NO_PIC = NO;
				GCC_OPTIMIZATION_LEVEL = 0;
				GCC_PREPROCESSOR_DEFINITIONS = (
					"DEBUG=1",
					"$(inherited)",
				);
				GCC_SYMBOLS_PRIVATE_EXTERN = NO;
				GCC_WARN_64_TO_32_BIT_CONVERSION = YES;
				GCC_WARN_ABOUT_RETURN_TYPE = YES_ERROR;
				GCC_WARN_UNDECLARED_SELECTOR = YES;
				GCC_WARN_UNINITIALIZED_AUTOS = YES_AGGRESSIVE;
				GCC_WARN_UNUSED_FUNCTION = YES;
				GCC_WARN_UNUSED_VARIABLE = YES;
				IPHONEOS_DEPLOYMENT_TARGET = 8.1;
				MTL_ENABLE_DEBUG_INFO = YES;
				ONLY_ACTIVE_ARCH = YES;
				SDKROOT = iphoneos;
				SWIFT_OPTIMIZATION_LEVEL = "-Onone";
			};
			name = Debug;
		};
		8CADC9871A3A01FE006B7EBB /* Release */ = {
			isa = XCBuildConfiguration;
			buildSettings = {
				ALWAYS_SEARCH_USER_PATHS = NO;
				CLANG_CXX_LANGUAGE_STANDARD = "gnu++0x";
				CLANG_CXX_LIBRARY = "libc++";
				CLANG_ENABLE_MODULES = YES;
				CLANG_ENABLE_OBJC_ARC = YES;
				CLANG_WARN_BOOL_CONVERSION = YES;
				CLANG_WARN_CONSTANT_CONVERSION = YES;
				CLANG_WARN_DIRECT_OBJC_ISA_USAGE = YES_ERROR;
				CLANG_WARN_EMPTY_BODY = YES;
				CLANG_WARN_ENUM_CONVERSION = YES;
				CLANG_WARN_INT_CONVERSION = YES;
				CLANG_WARN_OBJC_ROOT_CLASS = YES_ERROR;
				CLANG_WARN_UNREACHABLE_CODE = YES;
				CLANG_WARN__DUPLICATE_METHOD_MATCH = YES;
				"CODE_SIGN_IDENTITY[sdk=iphoneos*]" = "iPhone Developer";
				COPY_PHASE_STRIP = YES;
				ENABLE_NS_ASSERTIONS = NO;
				ENABLE_STRICT_OBJC_MSGSEND = YES;
				GCC_C_LANGUAGE_STANDARD = gnu99;
				GCC_WARN_64_TO_32_BIT_CONVERSION = YES;
				GCC_WARN_ABOUT_RETURN_TYPE = YES_ERROR;
				GCC_WARN_UNDECLARED_SELECTOR = YES;
				GCC_WARN_UNINITIALIZED_AUTOS = YES_AGGRESSIVE;
				GCC_WARN_UNUSED_FUNCTION = YES;
				GCC_WARN_UNUSED_VARIABLE = YES;
				IPHONEOS_DEPLOYMENT_TARGET = 8.1;
				MTL_ENABLE_DEBUG_INFO = NO;
				SDKROOT = iphoneos;
				VALIDATE_PRODUCT = YES;
			};
			name = Release;
		};
		8CADC9891A3A01FE006B7EBB /* Debug */ = {
			isa = XCBuildConfiguration;
			buildSettings = {
				ASSETCATALOG_COMPILER_APPICON_NAME = AppIcon;
				INFOPLIST_FILE = Recorder/Info.plist;
				LD_RUNPATH_SEARCH_PATHS = "$(inherited) @executable_path/Frameworks";
				PRODUCT_NAME = "$(TARGET_NAME)";
			};
			name = Debug;
		};
		8CADC98A1A3A01FE006B7EBB /* Release */ = {
			isa = XCBuildConfiguration;
			buildSettings = {
				ASSETCATALOG_COMPILER_APPICON_NAME = AppIcon;
				INFOPLIST_FILE = Recorder/Info.plist;
				LD_RUNPATH_SEARCH_PATHS = "$(inherited) @executable_path/Frameworks";
				PRODUCT_NAME = "$(TARGET_NAME)";
			};
			name = Release;
		};
		8CADC98C1A3A01FE006B7EBB /* Debug */ = {
			isa = XCBuildConfiguration;
			buildSettings = {
				BUNDLE_LOADER = "$(TEST_HOST)";
				FRAMEWORK_SEARCH_PATHS = (
					"$(SDKROOT)/Developer/Library/Frameworks",
					"$(inherited)",
				);
				GCC_PREPROCESSOR_DEFINITIONS = (
					"DEBUG=1",
					"$(inherited)",
				);
				INFOPLIST_FILE = RecorderTests/Info.plist;
				LD_RUNPATH_SEARCH_PATHS = "$(inherited) @executable_path/Frameworks @loader_path/Frameworks";
				PRODUCT_NAME = "$(TARGET_NAME)";
				TEST_HOST = "$(BUILT_PRODUCTS_DIR)/Recorder.app/Recorder";
			};
			name = Debug;
		};
		8CADC98D1A3A01FE006B7EBB /* Release */ = {
			isa = XCBuildConfiguration;
			buildSettings = {
				BUNDLE_LOADER = "$(TEST_HOST)";
				FRAMEWORK_SEARCH_PATHS = (
					"$(SDKROOT)/Developer/Library/Frameworks",
					"$(inherited)",
				);
				INFOPLIST_FILE = RecorderTests/Info.plist;
				LD_RUNPATH_SEARCH_PATHS = "$(inherited) @executable_path/Frameworks @loader_path/Frameworks";
				PRODUCT_NAME = "$(TARGET_NAME)";
				TEST_HOST = "$(BUILT_PRODUCTS_DIR)/Recorder.app/Recorder";
			};
			name = Release;
		};
/* End XCBuildConfiguration section */

/* Begin XCConfigurationList section */
		8CADC9641A3A01FE006B7EBB /* Build configuration list for PBXProject "Recorder" */ = {
			isa = XCConfigurationList;
			buildConfigurations = (
				8CADC9861A3A01FE006B7EBB /* Debug */,
				8CADC9871A3A01FE006B7EBB /* Release */,
			);
			defaultConfigurationIsVisible = 0;
			defaultConfigurationName = Release;
		};
		8CADC9881A3A01FE006B7EBB /* Build configuration list for PBXNativeTarget "Recorder" */ = {
			isa = XCConfigurationList;
			buildConfigurations = (
				8CADC9891A3A01FE006B7EBB /* Debug */,
				8CADC98A1A3A01FE006B7EBB /* Release */,
			);
			defaultConfigurationIsVisible = 0;
			defaultConfigurationName = Release;
		};
		8CADC98B1A3A01FE006B7EBB /* Build configuration list for PBXNativeTarget "RecorderTests" */ = {
			isa = XCConfigurationList;
			buildConfigurations = (
				8CADC98C1A3A01FE006B7EBB /* Debug */,
				8CADC98D1A3A01FE006B7EBB /* Release */,
			);
			defaultConfigurationIsVisible = 0;
			defaultConfigurationName = Release;
		};
/* End XCConfigurationList section */
	};
	rootObject = 8CADC9611A3A01FE006B7EBB /* Project object */;
}
